// !$*UTF8*$!
{
	archiveVersion = 1;
	classes = {
	};
	objectVersion = 46;
	objects = {

/* Begin PBXBuildFile section */
		FE239D101DCCEA4F00DADC2F /* modelCalculator.m in Sources */ = {isa = PBXBuildFile; fileRef = FE239D0F1DCCEA4F00DADC2F /* modelCalculator.m */; };
		FEC0C2F21DC132F100FFA9E4 /* AppDelegate.m in Sources */ = {isa = PBXBuildFile; fileRef = FEC0C2F11DC132F100FFA9E4 /* AppDelegate.m */; };
		FEC0C2F51DC132F100FFA9E4 /* main.m in Sources */ = {isa = PBXBuildFile; fileRef = FEC0C2F41DC132F100FFA9E4 /* main.m */; };
		FEC0C2F81DC132F100FFA9E4 /* ViewController.m in Sources */ = {isa = PBXBuildFile; fileRef = FEC0C2F71DC132F100FFA9E4 /* ViewController.m */; };
		FEC0C2FA1DC132F100FFA9E4 /* Assets.xcassets in Resources */ = {isa = PBXBuildFile; fileRef = FEC0C2F91DC132F100FFA9E4 /* Assets.xcassets */; };
		FEC0C2FD1DC132F100FFA9E4 /* Main.storyboard in Resources */ = {isa = PBXBuildFile; fileRef = FEC0C2FB1DC132F100FFA9E4 /* Main.storyboard */; };
		FEC0C3081DC132F100FFA9E4 /* calculatorTests.m in Sources */ = {isa = PBXBuildFile; fileRef = FEC0C3071DC132F100FFA9E4 /* calculatorTests.m */; };
		FEC0C3131DC132F100FFA9E4 /* calculatorUITests.m in Sources */ = {isa = PBXBuildFile; fileRef = FEC0C3121DC132F100FFA9E4 /* calculatorUITests.m */; };
/* End PBXBuildFile section */

/* Begin PBXContainerItemProxy section */
		FEC0C3041DC132F100FFA9E4 /* PBXContainerItemProxy */ = {
			isa = PBXContainerItemProxy;
			containerPortal = FEC0C2E51DC132F100FFA9E4 /* Project object */;
			proxyType = 1;
			remoteGlobalIDString = FEC0C2EC1DC132F100FFA9E4;
			remoteInfo = calculator;
		};
		FEC0C30F1DC132F100FFA9E4 /* PBXContainerItemProxy */ = {
			isa = PBXContainerItemProxy;
			containerPortal = FEC0C2E51DC132F100FFA9E4 /* Project object */;
			proxyType = 1;
			remoteGlobalIDString = FEC0C2EC1DC132F100FFA9E4;
			remoteInfo = calculator;
		};
/* End PBXContainerItemProxy section */

/* Begin PBXFileReference section */
		FE239D0F1DCCEA4F00DADC2F /* modelCalculator.m */ = {isa = PBXFileReference; fileEncoding = 4; lastKnownFileType = sourcecode.c.objc; path = modelCalculator.m; sourceTree = "<group>"; };
		FE31EB331DD2142900C1A2BF /* modelCalculator.h */ = {isa = PBXFileReference; lastKnownFileType = sourcecode.c.h; path = modelCalculator.h; sourceTree = "<group>"; };
		FEC0C2ED1DC132F100FFA9E4 /* calculator.app */ = {isa = PBXFileReference; explicitFileType = wrapper.application; includeInIndex = 0; path = calculator.app; sourceTree = BUILT_PRODUCTS_DIR; };
		FEC0C2F01DC132F100FFA9E4 /* AppDelegate.h */ = {isa = PBXFileReference; lastKnownFileType = sourcecode.c.h; path = AppDelegate.h; sourceTree = "<group>"; };
		FEC0C2F11DC132F100FFA9E4 /* AppDelegate.m */ = {isa = PBXFileReference; lastKnownFileType = sourcecode.c.objc; path = AppDelegate.m; sourceTree = "<group>"; };
		FEC0C2F41DC132F100FFA9E4 /* main.m */ = {isa = PBXFileReference; lastKnownFileType = sourcecode.c.objc; path = main.m; sourceTree = "<group>"; };
		FEC0C2F61DC132F100FFA9E4 /* ViewController.h */ = {isa = PBXFileReference; lastKnownFileType = sourcecode.c.h; path = ViewController.h; sourceTree = "<group>"; };
		FEC0C2F71DC132F100FFA9E4 /* ViewController.m */ = {isa = PBXFileReference; lastKnownFileType = sourcecode.c.objc; path = ViewController.m; sourceTree = "<group>"; };
		FEC0C2F91DC132F100FFA9E4 /* Assets.xcassets */ = {isa = PBXFileReference; lastKnownFileType = folder.assetcatalog; path = Assets.xcassets; sourceTree = "<group>"; };
		FEC0C2FC1DC132F100FFA9E4 /* Base */ = {isa = PBXFileReference; lastKnownFileType = file.storyboard; name = Base; path = Base.lproj/Main.storyboard; sourceTree = "<group>"; };
		FEC0C2FE1DC132F100FFA9E4 /* Info.plist */ = {isa = PBXFileReference; lastKnownFileType = text.plist.xml; path = Info.plist; sourceTree = "<group>"; };
		FEC0C3031DC132F100FFA9E4 /* calculatorTests.xctest */ = {isa = PBXFileReference; explicitFileType = wrapper.cfbundle; includeInIndex = 0; path = calculatorTests.xctest; sourceTree = BUILT_PRODUCTS_DIR; };
		FEC0C3071DC132F100FFA9E4 /* calculatorTests.m */ = {isa = PBXFileReference; lastKnownFileType = sourcecode.c.objc; path = calculatorTests.m; sourceTree = "<group>"; };
		FEC0C3091DC132F100FFA9E4 /* Info.plist */ = {isa = PBXFileReference; lastKnownFileType = text.plist.xml; path = Info.plist; sourceTree = "<group>"; };
		FEC0C30E1DC132F100FFA9E4 /* calculatorUITests.xctest */ = {isa = PBXFileReference; explicitFileType = wrapper.cfbundle; includeInIndex = 0; path = calculatorUITests.xctest; sourceTree = BUILT_PRODUCTS_DIR; };
		FEC0C3121DC132F100FFA9E4 /* calculatorUITests.m */ = {isa = PBXFileReference; lastKnownFileType = sourcecode.c.objc; path = calculatorUITests.m; sourceTree = "<group>"; };
		FEC0C3141DC132F100FFA9E4 /* Info.plist */ = {isa = PBXFileReference; lastKnownFileType = text.plist.xml; path = Info.plist; sourceTree = "<group>"; };
/* End PBXFileReference section */

/* Begin PBXFrameworksBuildPhase section */
		FEC0C2EA1DC132F100FFA9E4 /* Frameworks */ = {
			isa = PBXFrameworksBuildPhase;
			buildActionMask = 2147483647;
			files = (
			);
			runOnlyForDeploymentPostprocessing = 0;
		};
		FEC0C3001DC132F100FFA9E4 /* Frameworks */ = {
			isa = PBXFrameworksBuildPhase;
			buildActionMask = 2147483647;
			files = (
			);
			runOnlyForDeploymentPostprocessing = 0;
		};
		FEC0C30B1DC132F100FFA9E4 /* Frameworks */ = {
			isa = PBXFrameworksBuildPhase;
			buildActionMask = 2147483647;
			files = (
			);
			runOnlyForDeploymentPostprocessing = 0;
		};
/* End PBXFrameworksBuildPhase section */

/* Begin PBXGroup section */
		FEC0C2E41DC132F100FFA9E4 = {
			isa = PBXGroup;
			children = (
				FEC0C2EF1DC132F100FFA9E4 /* calculator */,
				FEC0C3061DC132F100FFA9E4 /* calculatorTests */,
				FEC0C3111DC132F100FFA9E4 /* calculatorUITests */,
				FEC0C2EE1DC132F100FFA9E4 /* Products */,
			);
			sourceTree = "<group>";
		};
		FEC0C2EE1DC132F100FFA9E4 /* Products */ = {
			isa = PBXGroup;
			children = (
				FEC0C2ED1DC132F100FFA9E4 /* calculator.app */,
				FEC0C3031DC132F100FFA9E4 /* calculatorTests.xctest */,
				FEC0C30E1DC132F100FFA9E4 /* calculatorUITests.xctest */,
			);
			name = Products;
			sourceTree = "<group>";
		};
		FEC0C2EF1DC132F100FFA9E4 /* calculator */ = {
			isa = PBXGroup;
			children = (
				FEC0C2F01DC132F100FFA9E4 /* AppDelegate.h */,
				FEC0C2F11DC132F100FFA9E4 /* AppDelegate.m */,
				FEC0C2F61DC132F100FFA9E4 /* ViewController.h */,
				FEC0C2F71DC132F100FFA9E4 /* ViewController.m */,
				FE239D0F1DCCEA4F00DADC2F /* modelCalculator.m */,
				FE31EB331DD2142900C1A2BF /* modelCalculator.h */,
				FEC0C2F91DC132F100FFA9E4 /* Assets.xcassets */,
				FEC0C2FB1DC132F100FFA9E4 /* Main.storyboard */,
				FEC0C2FE1DC132F100FFA9E4 /* Info.plist */,
				FEC0C2F31DC132F100FFA9E4 /* Supporting Files */,
			);
			path = calculator;
			sourceTree = "<group>";
		};
		FEC0C2F31DC132F100FFA9E4 /* Supporting Files */ = {
			isa = PBXGroup;
			children = (
				FEC0C2F41DC132F100FFA9E4 /* main.m */,
			);
			name = "Supporting Files";
			sourceTree = "<group>";
		};
		FEC0C3061DC132F100FFA9E4 /* calculatorTests */ = {
			isa = PBXGroup;
			children = (
				FEC0C3071DC132F100FFA9E4 /* calculatorTests.m */,
				FEC0C3091DC132F100FFA9E4 /* Info.plist */,
			);
			path = calculatorTests;
			sourceTree = "<group>";
		};
		FEC0C3111DC132F100FFA9E4 /* calculatorUITests */ = {
			isa = PBXGroup;
			children = (
				FEC0C3121DC132F100FFA9E4 /* calculatorUITests.m */,
				FEC0C3141DC132F100FFA9E4 /* Info.plist */,
			);
			path = calculatorUITests;
			sourceTree = "<group>";
		};
/* End PBXGroup section */

/* Begin PBXNativeTarget section */
		FEC0C2EC1DC132F100FFA9E4 /* calculator */ = {
			isa = PBXNativeTarget;
			buildConfigurationList = FEC0C3171DC132F100FFA9E4 /* Build configuration list for PBXNativeTarget "calculator" */;
			buildPhases = (
				FEC0C2E91DC132F100FFA9E4 /* Sources */,
				FEC0C2EA1DC132F100FFA9E4 /* Frameworks */,
				FEC0C2EB1DC132F100FFA9E4 /* Resources */,
			);
			buildRules = (
			);
			dependencies = (
			);
			name = calculator;
			productName = calculator;
			productReference = FEC0C2ED1DC132F100FFA9E4 /* calculator.app */;
			productType = "com.apple.product-type.application";
		};
		FEC0C3021DC132F100FFA9E4 /* calculatorTests */ = {
			isa = PBXNativeTarget;
			buildConfigurationList = FEC0C31A1DC132F100FFA9E4 /* Build configuration list for PBXNativeTarget "calculatorTests" */;
			buildPhases = (
				FEC0C2FF1DC132F100FFA9E4 /* Sources */,
				FEC0C3001DC132F100FFA9E4 /* Frameworks */,
				FEC0C3011DC132F100FFA9E4 /* Resources */,
			);
			buildRules = (
			);
			dependencies = (
				FEC0C3051DC132F100FFA9E4 /* PBXTargetDependency */,
			);
			name = calculatorTests;
			productName = calculatorTests;
			productReference = FEC0C3031DC132F100FFA9E4 /* calculatorTests.xctest */;
			productType = "com.apple.product-type.bundle.unit-test";
		};
		FEC0C30D1DC132F100FFA9E4 /* calculatorUITests */ = {
			isa = PBXNativeTarget;
			buildConfigurationList = FEC0C31D1DC132F100FFA9E4 /* Build configuration list for PBXNativeTarget "calculatorUITests" */;
			buildPhases = (
				FEC0C30A1DC132F100FFA9E4 /* Sources */,
				FEC0C30B1DC132F100FFA9E4 /* Frameworks */,
				FEC0C30C1DC132F100FFA9E4 /* Resources */,
			);
			buildRules = (
			);
			dependencies = (
				FEC0C3101DC132F100FFA9E4 /* PBXTargetDependency */,
			);
			name = calculatorUITests;
			productName = calculatorUITests;
			productReference = FEC0C30E1DC132F100FFA9E4 /* calculatorUITests.xctest */;
			productType = "com.apple.product-type.bundle.ui-testing";
		};
/* End PBXNativeTarget section */

/* Begin PBXProject section */
		FEC0C2E51DC132F100FFA9E4 /* Project object */ = {
			isa = PBXProject;
			attributes = {
				LastUpgradeCheck = 0800;
				ORGANIZATIONNAME = GalyaHome;
				TargetAttributes = {
					FEC0C2EC1DC132F100FFA9E4 = {
						CreatedOnToolsVersion = 8.0;
						ProvisioningStyle = Automatic;
					};
					FEC0C3021DC132F100FFA9E4 = {
						CreatedOnToolsVersion = 8.0;
						ProvisioningStyle = Automatic;
						TestTargetID = FEC0C2EC1DC132F100FFA9E4;
					};
					FEC0C30D1DC132F100FFA9E4 = {
						CreatedOnToolsVersion = 8.0;
						ProvisioningStyle = Automatic;
						TestTargetID = FEC0C2EC1DC132F100FFA9E4;
					};
				};
			};
			buildConfigurationList = FEC0C2E81DC132F100FFA9E4 /* Build configuration list for PBXProject "calculator" */;
			compatibilityVersion = "Xcode 3.2";
			developmentRegion = English;
			hasScannedForEncodings = 0;
			knownRegions = (
				en,
				Base,
			);
			mainGroup = FEC0C2E41DC132F100FFA9E4;
			productRefGroup = FEC0C2EE1DC132F100FFA9E4 /* Products */;
			projectDirPath = "";
			projectRoot = "";
			targets = (
				FEC0C2EC1DC132F100FFA9E4 /* calculator */,
				FEC0C3021DC132F100FFA9E4 /* calculatorTests */,
				FEC0C30D1DC132F100FFA9E4 /* calculatorUITests */,
			);
		};
/* End PBXProject section */

/* Begin PBXResourcesBuildPhase section */
		FEC0C2EB1DC132F100FFA9E4 /* Resources */ = {
			isa = PBXResourcesBuildPhase;
			buildActionMask = 2147483647;
			files = (
				FEC0C2FA1DC132F100FFA9E4 /* Assets.xcassets in Resources */,
				FEC0C2FD1DC132F100FFA9E4 /* Main.storyboard in Resources */,
			);
			runOnlyForDeploymentPostprocessing = 0;
		};
		FEC0C3011DC132F100FFA9E4 /* Resources */ = {
			isa = PBXResourcesBuildPhase;
			buildActionMask = 2147483647;
			files = (
			);
			runOnlyForDeploymentPostprocessing = 0;
		};
		FEC0C30C1DC132F100FFA9E4 /* Resources */ = {
			isa = PBXResourcesBuildPhase;
			buildActionMask = 2147483647;
			files = (
			);
			runOnlyForDeploymentPostprocessing = 0;
		};
/* End PBXResourcesBuildPhase section */

/* Begin PBXSourcesBuildPhase section */
		FEC0C2E91DC132F100FFA9E4 /* Sources */ = {
			isa = PBXSourcesBuildPhase;
			buildActionMask = 2147483647;
			files = (
				FEC0C2F81DC132F100FFA9E4 /* ViewController.m in Sources */,
				FEC0C2F51DC132F100FFA9E4 /* main.m in Sources */,
				FEC0C2F21DC132F100FFA9E4 /* AppDelegate.m in Sources */,
				FE239D101DCCEA4F00DADC2F /* modelCalculator.m in Sources */,
			);
			runOnlyForDeploymentPostprocessing = 0;
		};
		FEC0C2FF1DC132F100FFA9E4 /* Sources */ = {
			isa = PBXSourcesBuildPhase;
			buildActionMask = 2147483647;
			files = (
				FEC0C3081DC132F100FFA9E4 /* calculatorTests.m in Sources */,
			);
			runOnlyForDeploymentPostprocessing = 0;
		};
		FEC0C30A1DC132F100FFA9E4 /* Sources */ = {
			isa = PBXSourcesBuildPhase;
			buildActionMask = 2147483647;
			files = (
				FEC0C3131DC132F100FFA9E4 /* calculatorUITests.m in Sources */,
			);
			runOnlyForDeploymentPostprocessing = 0;
		};
/* End PBXSourcesBuildPhase section */

/* Begin PBXTargetDependency section */
		FEC0C3051DC132F100FFA9E4 /* PBXTargetDependency */ = {
			isa = PBXTargetDependency;
			target = FEC0C2EC1DC132F100FFA9E4 /* calculator */;
			targetProxy = FEC0C3041DC132F100FFA9E4 /* PBXContainerItemProxy */;
		};
		FEC0C3101DC132F100FFA9E4 /* PBXTargetDependency */ = {
			isa = PBXTargetDependency;
			target = FEC0C2EC1DC132F100FFA9E4 /* calculator */;
			targetProxy = FEC0C30F1DC132F100FFA9E4 /* PBXContainerItemProxy */;
		};
/* End PBXTargetDependency section */

/* Begin PBXVariantGroup section */
		FEC0C2FB1DC132F100FFA9E4 /* Main.storyboard */ = {
			isa = PBXVariantGroup;
			children = (
				FEC0C2FC1DC132F100FFA9E4 /* Base */,
			);
			name = Main.storyboard;
			sourceTree = "<group>";
		};
/* End PBXVariantGroup section */

/* Begin XCBuildConfiguration section */
		FEC0C3151DC132F100FFA9E4 /* Debug */ = {
			isa = XCBuildConfiguration;
			buildSettings = {
				ALWAYS_SEARCH_USER_PATHS = NO;
				CLANG_ANALYZER_NONNULL = YES;
				CLANG_CXX_LANGUAGE_STANDARD = "gnu++0x";
				CLANG_CXX_LIBRARY = "libc++";
				CLANG_ENABLE_MODULES = YES;
				CLANG_ENABLE_OBJC_ARC = YES;
				CLANG_WARN_BOOL_CONVERSION = YES;
				CLANG_WARN_CONSTANT_CONVERSION = YES;
				CLANG_WARN_DIRECT_OBJC_ISA_USAGE = YES_ERROR;
				CLANG_WARN_DOCUMENTATION_COMMENTS = YES;
				CLANG_WARN_EMPTY_BODY = YES;
				CLANG_WARN_ENUM_CONVERSION = YES;
				CLANG_WARN_INFINITE_RECURSION = YES;
				CLANG_WARN_INT_CONVERSION = YES;
				CLANG_WARN_OBJC_ROOT_CLASS = YES_ERROR;
				CLANG_WARN_SUSPICIOUS_MOVES = YES;
				CLANG_WARN_UNREACHABLE_CODE = YES;
				CLANG_WARN__DUPLICATE_METHOD_MATCH = YES;
				CODE_SIGN_IDENTITY = "-";
				COPY_PHASE_STRIP = NO;
				DEBUG_INFORMATION_FORMAT = dwarf;
				ENABLE_STRICT_OBJC_MSGSEND = YES;
				ENABLE_TESTABILITY = YES;
				GCC_C_LANGUAGE_STANDARD = gnu99;
				GCC_DYNAMIC_NO_PIC = NO;
				GCC_NO_COMMON_BLOCKS = YES;
				GCC_OPTIMIZATION_LEVEL = 0;
				GCC_PREPROCESSOR_DEFINITIONS = (
					"DEBUG=1",
					"$(inherited)",
				);
				GCC_WARN_64_TO_32_BIT_CONVERSION = YES;
				GCC_WARN_ABOUT_RETURN_TYPE = YES_ERROR;
				GCC_WARN_UNDECLARED_SELECTOR = YES;
				GCC_WARN_UNINITIALIZED_AUTOS = YES_AGGRESSIVE;
				GCC_WARN_UNUSED_FUNCTION = YES;
				GCC_WARN_UNUSED_VARIABLE = YES;
				MACOSX_DEPLOYMENT_TARGET = 10.12;
				MTL_ENABLE_DEBUG_INFO = YES;
				ONLY_ACTIVE_ARCH = YES;
				SDKROOT = macosx;
			};
			name = Debug;
		};
		FEC0C3161DC132F100FFA9E4 /* Release */ = {
			isa = XCBuildConfiguration;
			buildSettings = {
				ALWAYS_SEARCH_USER_PATHS = NO;
				CLANG_ANALYZER_NONNULL = YES;
				CLANG_CXX_LANGUAGE_STANDARD = "gnu++0x";
				CLANG_CXX_LIBRARY = "libc++";
				CLANG_ENABLE_MODULES = YES;
				CLANG_ENABLE_OBJC_ARC = YES;
				CLANG_WARN_BOOL_CONVERSION = YES;
				CLANG_WARN_CONSTANT_CONVERSION = YES;
				CLANG_WARN_DIRECT_OBJC_ISA_USAGE = YES_ERROR;
				CLANG_WARN_DOCUMENTATION_COMMENTS = YES;
				CLANG_WARN_EMPTY_BODY = YES;
				CLANG_WARN_ENUM_CONVERSION = YES;
				CLANG_WARN_INFINITE_RECURSION = YES;
				CLANG_WARN_INT_CONVERSION = YES;
				CLANG_WARN_OBJC_ROOT_CLASS = YES_ERROR;
				CLANG_WARN_SUSPICIOUS_MOVES = YES;
				CLANG_WARN_UNREACHABLE_CODE = YES;
				CLANG_WARN__DUPLICATE_METHOD_MATCH = YES;
				CODE_SIGN_IDENTITY = "-";
				COPY_PHASE_STRIP = NO;
				DEBUG_INFORMATION_FORMAT = "dwarf-with-dsym";
				ENABLE_NS_ASSERTIONS = NO;
				ENABLE_STRICT_OBJC_MSGSEND = YES;
				GCC_C_LANGUAGE_STANDARD = gnu99;
				GCC_NO_COMMON_BLOCKS = YES;
				GCC_WARN_64_TO_32_BIT_CONVERSION = YES;
				GCC_WARN_ABOUT_RETURN_TYPE = YES_ERROR;
				GCC_WARN_UNDECLARED_SELECTOR = YES;
				GCC_WARN_UNINITIALIZED_AUTOS = YES_AGGRESSIVE;
				GCC_WARN_UNUSED_FUNCTION = YES;
				GCC_WARN_UNUSED_VARIABLE = YES;
				MACOSX_DEPLOYMENT_TARGET = 10.12;
				MTL_ENABLE_DEBUG_INFO = NO;
				SDKROOT = macosx;
			};
			name = Release;
		};
		FEC0C3181DC132F100FFA9E4 /* Debug */ = {
			isa = XCBuildConfiguration;
			buildSettings = {
				ASSETCATALOG_COMPILER_APPICON_NAME = AppIcon;
				COMBINE_HIDPI_IMAGES = YES;
				INFOPLIST_FILE = calculator/Info.plist;
				LD_RUNPATH_SEARCH_PATHS = "$(inherited) @executable_path/../Frameworks";
				PRODUCT_BUNDLE_IDENTIFIER = GalyaHome.calculator;
				PRODUCT_NAME = "$(TARGET_NAME)";
			};
			name = Debug;
		};
		FEC0C3191DC132F100FFA9E4 /* Release */ = {
			isa = XCBuildConfiguration;
			buildSettings = {
				ASSETCATALOG_COMPILER_APPICON_NAME = AppIcon;
				COMBINE_HIDPI_IMAGES = YES;
				INFOPLIST_FILE = calculator/Info.plist;
				LD_RUNPATH_SEARCH_PATHS = "$(inherited) @executable_path/../Frameworks";
				PRODUCT_BUNDLE_IDENTIFIER = GalyaHome.calculator;
				PRODUCT_NAME = "$(TARGET_NAME)";
			};
			name = Release;
		};
		FEC0C31B1DC132F100FFA9E4 /* Debug */ = {
			isa = XCBuildConfiguration;
			buildSettings = {
				BUNDLE_LOADER = "$(TEST_HOST)";
				COMBINE_HIDPI_IMAGES = YES;
				INFOPLIST_FILE = calculatorTests/Info.plist;
				LD_RUNPATH_SEARCH_PATHS = "$(inherited) @executable_path/../Frameworks @loader_path/../Frameworks";
				PRODUCT_BUNDLE_IDENTIFIER = GalyaHome.calculatorTests;
				PRODUCT_NAME = "$(TARGET_NAME)";
				TEST_HOST = "$(BUILT_PRODUCTS_DIR)/calculator.app/Contents/MacOS/calculator";
			};
			name = Debug;
		};
		FEC0C31C1DC132F100FFA9E4 /* Release */ = {
			isa = XCBuildConfiguration;
			buildSettings = {
				BUNDLE_LOADER = "$(TEST_HOST)";
				COMBINE_HIDPI_IMAGES = YES;
				INFOPLIST_FILE = calculatorTests/Info.plist;
				LD_RUNPATH_SEARCH_PATHS = "$(inherited) @executable_path/../Frameworks @loader_path/../Frameworks";
				PRODUCT_BUNDLE_IDENTIFIER = GalyaHome.calculatorTests;
				PRODUCT_NAME = "$(TARGET_NAME)";
				TEST_HOST = "$(BUILT_PRODUCTS_DIR)/calculator.app/Contents/MacOS/calculator";
			};
			name = Release;
		};
		FEC0C31E1DC132F100FFA9E4 /* Debug */ = {
			isa = XCBuildConfiguration;
			buildSettings = {
				COMBINE_HIDPI_IMAGES = YES;
				INFOPLIST_FILE = calculatorUITests/Info.plist;
				LD_RUNPATH_SEARCH_PATHS = "$(inherited) @executable_path/../Frameworks @loader_path/../Frameworks";
				PRODUCT_BUNDLE_IDENTIFIER = GalyaHome.calculatorUITests;
				PRODUCT_NAME = "$(TARGET_NAME)";
				TEST_TARGET_NAME = calculator;
			};
			name = Debug;
		};
		FEC0C31F1DC132F100FFA9E4 /* Release */ = {
			isa = XCBuildConfiguration;
			buildSettings = {
				COMBINE_HIDPI_IMAGES = YES;
				INFOPLIST_FILE = calculatorUITests/Info.plist;
				LD_RUNPATH_SEARCH_PATHS = "$(inherited) @executable_path/../Frameworks @loader_path/../Frameworks";
				PRODUCT_BUNDLE_IDENTIFIER = GalyaHome.calculatorUITests;
				PRODUCT_NAME = "$(TARGET_NAME)";
				TEST_TARGET_NAME = calculator;
			};
			name = Release;
		};
/* End XCBuildConfiguration section */

/* Begin XCConfigurationList section */
		FEC0C2E81DC132F100FFA9E4 /* Build configuration list for PBXProject "calculator" */ = {
			isa = XCConfigurationList;
			buildConfigurations = (
				FEC0C3151DC132F100FFA9E4 /* Debug */,
				FEC0C3161DC132F100FFA9E4 /* Release */,
			);
			defaultConfigurationIsVisible = 0;
			defaultConfigurationName = Release;
		};
		FEC0C3171DC132F100FFA9E4 /* Build configuration list for PBXNativeTarget "calculator" */ = {
			isa = XCConfigurationList;
			buildConfigurations = (
				FEC0C3181DC132F100FFA9E4 /* Debug */,
				FEC0C3191DC132F100FFA9E4 /* Release */,
			);
			defaultConfigurationIsVisible = 0;
			defaultConfigurationName = Release;
		};
		FEC0C31A1DC132F100FFA9E4 /* Build configuration list for PBXNativeTarget "calculatorTests" */ = {
			isa = XCConfigurationList;
			buildConfigurations = (
				FEC0C31B1DC132F100FFA9E4 /* Debug */,
				FEC0C31C1DC132F100FFA9E4 /* Release */,
			);
			defaultConfigurationIsVisible = 0;
			defaultConfigurationName = Release;
		};
		FEC0C31D1DC132F100FFA9E4 /* Build configuration list for PBXNativeTarget "calculatorUITests" */ = {
			isa = XCConfigurationList;
			buildConfigurations = (
				FEC0C31E1DC132F100FFA9E4 /* Debug */,
				FEC0C31F1DC132F100FFA9E4 /* Release */,
			);
			defaultConfigurationIsVisible = 0;
			defaultConfigurationName = Release;
		};
/* End XCConfigurationList section */
	};
	rootObject = FEC0C2E51DC132F100FFA9E4 /* Project object */;
}
